
Microsoft Visual Studio Solution File, Format Version 12.00
# Visual Studio Version 17
VisualStudioVersion = 17.0.32002.185
MinimumVisualStudioVersion = 10.0.40219.1
Project("{FAE04EC0-301F-11D3-BF4B-00C04F79EFBC}") = "FGCIJOROSystem.Presentation", "FGCIJOROSystem\FGCIJOROSystem.Presentation.csproj", "{06C252DE-907C-47DF-8600-9218D9A9453E}"
EndProject
Project("{FAE04EC0-301F-11D3-BF4B-00C04F79EFBC}") = "FGCIJOROSystem.DAL", "FGCIJOROSystem.DAL\FGCIJOROSystem.DAL.csproj", "{9646E0FF-9DFE-4ECE-93D5-5F8FA21AB242}"
EndProject
Project("{FAE04EC0-301F-11D3-BF4B-00C04F79EFBC}") = "FGCIJOROSystem.Common", "FGCIJOROSystem.Common\FGCIJOROSystem.Common.csproj", "{A12FE615-FBBB-459F-9D23-D49F0238B35A}"
EndProject
Project("{FAE04EC0-301F-11D3-BF4B-00C04F79EFBC}") = "FGCIJOROSystem.BLL", "FGCIJOROSystem.BLL\FGCIJOROSystem.BLL.csproj", "{128A3BB9-B6AB-4FB9-B053-F5AE2159BF91}"
EndProject
Project("{FAE04EC0-301F-11D3-BF4B-00C04F79EFBC}") = "FGCIJOROSystem.Reports", "FGCIJOROSystem.Reports\FGCIJOROSystem.Reports.csproj", "{D4F19F9A-7C38-487F-BE7A-DB37166EE3FD}"
EndProject
Project("{FAE04EC0-301F-11D3-BF4B-00C04F79EFBC}") = "FGCIJOROSystem.Domain", "FGCIJOROSystem.Domain\FGCIJOROSystem.Domain.csproj", "{0AC9015D-0D99-4676-8032-CFBDAF350202}"
EndProject
Project("{2150E333-8FDC-42A3-9474-1A3956D46DE8}") = "BLL", "BLL", "{67AC8586-254E-47E8-A04E-ABABD6E7EDEF}"
EndProject
Project("{2150E333-8FDC-42A3-9474-1A3956D46DE8}") = "Common", "Common", "{E9860DEA-0921-4316-B4E0-C139A296E7EB}"
EndProject
Project("{2150E333-8FDC-42A3-9474-1A3956D46DE8}") = "DAL", "DAL", "{4EF59A03-6FE3-4669-B520-8A7A3D1B5AE7}"
EndProject
Project("{2150E333-8FDC-42A3-9474-1A3956D46DE8}") = "Domain", "Domain", "{271B5561-128D-40E1-9FCE-19E53A30F951}"
EndProject
Project("{2150E333-8FDC-42A3-9474-1A3956D46DE8}") = "Reports", "Reports", "{B23B375B-82A9-4318-9CE5-E52C0659674B}"
EndProject
Project("{2150E333-8FDC-42A3-9474-1A3956D46DE8}") = "Presentation", "Presentation", "{3E2A2253-DD00-420C-9351-9F19D8445A19}"
EndProject
Global
	GlobalSection(SolutionConfigurationPlatforms) = preSolution
		Debug|Any CPU = Debug|Any CPU
		Release|Any CPU = Release|Any CPU
	EndGlobalSection
	GlobalSection(ProjectConfigurationPlatforms) = postSolution
		{06C252DE-907C-47DF-8600-9218D9A9453E}.Debug|Any CPU.ActiveCfg = Debug|Any CPU
		{06C252DE-907C-47DF-8600-9218D9A9453E}.Debug|Any CPU.Build.0 = Debug|Any CPU
		{06C252DE-907C-47DF-8600-9218D9A9453E}.Release|Any CPU.ActiveCfg = Release|Any CPU
		{06C252DE-907C-47DF-8600-9218D9A9453E}.Release|Any CPU.Build.0 = Release|Any CPU
		{9646E0FF-9DFE-4ECE-93D5-5F8FA21AB242}.Debug|Any CPU.ActiveCfg = Debug|Any CPU
		{9646E0FF-9DFE-4ECE-93D5-5F8FA21AB242}.Debug|Any CPU.Build.0 = Debug|Any CPU
		{9646E0FF-9DFE-4ECE-93D5-5F8FA21AB242}.Release|Any CPU.ActiveCfg = Release|Any CPU
		{9646E0FF-9DFE-4ECE-93D5-5F8FA21AB242}.Release|Any CPU.Build.0 = Release|Any CPU
		{A12FE615-FBBB-459F-9D23-D49F0238B35A}.Debug|Any CPU.ActiveCfg = Debug|Any CPU
		{A12FE615-FBBB-459F-9D23-D49F0238B35A}.Debug|Any CPU.Build.0 = Debug|Any CPU
		{A12FE615-FBBB-459F-9D23-D49F0238B35A}.Release|Any CPU.ActiveCfg = Release|Any CPU
		{A12FE615-FBBB-459F-9D23-D49F0238B35A}.Release|Any CPU.Build.0 = Release|Any CPU
		{128A3BB9-B6AB-4FB9-B053-F5AE2159BF91}.Debug|Any CPU.ActiveCfg = Debug|Any CPU
		{128A3BB9-B6AB-4FB9-B053-F5AE2159BF91}.Debug|Any CPU.Build.0 = Debug|Any CPU
		{128A3BB9-B6AB-4FB9-B053-F5AE2159BF91}.Release|Any CPU.ActiveCfg = Release|Any CPU
		{128A3BB9-B6AB-4FB9-B053-F5AE2159BF91}.Release|Any CPU.Build.0 = Release|Any CPU
		{D4F19F9A-7C38-487F-BE7A-DB37166EE3FD}.Debug|Any CPU.ActiveCfg = Debug|Any CPU
		{D4F19F9A-7C38-487F-BE7A-DB37166EE3FD}.Debug|Any CPU.Build.0 = Debug|Any CPU
		{D4F19F9A-7C38-487F-BE7A-DB37166EE3FD}.Release|Any CPU.ActiveCfg = Release|Any CPU
		{D4F19F9A-7C38-487F-BE7A-DB37166EE3FD}.Release|Any CPU.Build.0 = Release|Any CPU
		{0AC9015D-0D99-4676-8032-CFBDAF350202}.Debug|Any CPU.ActiveCfg = Debug|Any CPU
		{0AC9015D-0D99-4676-8032-CFBDAF350202}.Debug|Any CPU.Build.0 = Debug|Any CPU
		{0AC9015D-0D99-4676-8032-CFBDAF350202}.Release|Any CPU.ActiveCfg = Release|Any CPU
		{0AC9015D-0D99-4676-8032-CFBDAF350202}.Release|Any CPU.Build.0 = Release|Any CPU
	EndGlobalSection
	GlobalSection(SolutionProperties) = preSolution
		HideSolutionNode = FALSE
	EndGlobalSection
	GlobalSection(NestedProjects) = preSolution
		{06C252DE-907C-47DF-8600-9218D9A9453E} = {3E2A2253-DD00-420C-9351-9F19D8445A19}
		{9646E0FF-9DFE-4ECE-93D5-5F8FA21AB242} = {4EF59A03-6FE3-4669-B520-8A7A3D1B5AE7}
		{A12FE615-FBBB-459F-9D23-D49F0238B35A} = {E9860DEA-0921-4316-B4E0-C139A296E7EB}
		{128A3BB9-B6AB-4FB9-B053-F5AE2159BF91} = {67AC8586-254E-47E8-A04E-ABABD6E7EDEF}
		{D4F19F9A-7C38-487F-BE7A-DB37166EE3FD} = {B23B375B-82A9-4318-9CE5-E52C0659674B}
		{0AC9015D-0D99-4676-8032-CFBDAF350202} = {271B5561-128D-40E1-9FCE-19E53A30F951}
	EndGlobalSection
	GlobalSection(ExtensibilityGlobals) = postSolution
		SolutionGuid = {BF8EDE4F-FF42-48C4-A6FE-0D3D4CF8EF18}
	EndGlobalSection
EndGlobal
